<?xml version="1.0" encoding="utf-8"?>
<Project ToolsVersion="4.0" xmlns="http://schemas.microsoft.com/developer/msbuild/2003">
  <ItemGroup>
    <Filter Include="Shader">
      <UniqueIdentifier>{c42c6006-6c06-4f53-9a3c-7cfcae785be0}</UniqueIdentifier>
    </Filter>
    <Filter Include="Mesh">
      <UniqueIdentifier>{6ea07778-a792-4f5a-8ea1-586f55e437b3}</UniqueIdentifier>
    </Filter>
    <Filter Include="ModelLoader">
      <UniqueIdentifier>{ac2d1f6c-aeed-4610-b8bd-9a622ff1072f}</UniqueIdentifier>
    </Filter>
    <Filter Include="Application">
      <UniqueIdentifier>{095ff8d7-c5b2-45eb-a7db-c0affc11c54e}</UniqueIdentifier>
    </Filter>
    <Filter Include="Input">
      <UniqueIdentifier>{a1a74a14-c02f-4e3e-82f7-a7815fa02854}</UniqueIdentifier>
    </Filter>
    <Filter Include="Graphic">
      <UniqueIdentifier>{85bd7b91-cd01-4c91-a72c-30259e5199cb}</UniqueIdentifier>
    </Filter>
    <Filter Include="Object">
      <UniqueIdentifier>{5fd8bdf7-e512-4a96-9e7e-c29f531f61aa}</UniqueIdentifier>
    </Filter>
    <Filter Include="Object\Transform">
      <UniqueIdentifier>{44157fd8-7937-4808-b5e5-ba5e8976a0c4}</UniqueIdentifier>
    </Filter>
    <Filter Include="Graphic\Camera">
      <UniqueIdentifier>{62dc51f7-9581-4b50-86c9-43edae324954}</UniqueIdentifier>
    </Filter>
    <Filter Include="Light">
      <UniqueIdentifier>{31fceed6-3da3-4939-a5c9-c8272ef0b85c}</UniqueIdentifier>
    </Filter>
    <Filter Include="Material">
      <UniqueIdentifier>{56673848-ca0a-4957-88c1-c0371889d5e6}</UniqueIdentifier>
    </Filter>
    <Filter Include="GUI">
      <UniqueIdentifier>{c1220603-32b3-4efe-92c8-12c6b6070703}</UniqueIdentifier>
    </Filter>
    <Filter Include="BoundingVolume">
      <UniqueIdentifier>{eeb4c8cd-dd31-41d9-b83e-a491e8888caf}</UniqueIdentifier>
    </Filter>
    <Filter Include="BoundingVolumeHierarchy">
      <UniqueIdentifier>{f8b4670d-ec1a-42e7-af03-5ede4e5c67aa}</UniqueIdentifier>
    </Filter>
  </ItemGroup>
  <ItemGroup>
    <ClCompile Include="ModelLoader.cpp">
      <Filter>ModelLoader</Filter>
    </ClCompile>
    <ClCompile Include="ShaderManager.cpp">
      <Filter>Shader</Filter>
    </ClCompile>
    <ClCompile Include="Shader.cpp">
      <Filter>Shader</Filter>
    </ClCompile>
    <ClCompile Include="Application.cpp">
      <Filter>Application</Filter>
    </ClCompile>
    <ClCompile Include="Input.cpp">
      <Filter>Input</Filter>
    </ClCompile>
    <ClCompile Include="..\libs\glad\glad.c">
      <Filter>Graphic</Filter>
    </ClCompile>
    <ClCompile Include="ModelMesh.cpp">
      <Filter>Mesh</Filter>
    </ClCompile>
    <ClCompile Include="Object.cpp">
      <Filter>Object</Filter>
    </ClCompile>
    <ClCompile Include="ObjectManager.cpp">
      <Filter>Object</Filter>
    </ClCompile>
    <ClCompile Include="Transform.cpp">
      <Filter>Object\Transform</Filter>
    </ClCompile>
    <ClCompile Include="Camera.cpp">
      <Filter>Graphic\Camera</Filter>
    </ClCompile>
    <ClCompile Include="Graphic.cpp">
      <Filter>Graphic</Filter>
    </ClCompile>
    <ClCompile Include="Light.cpp">
      <Filter>Light</Filter>
    </ClCompile>
    <ClCompile Include="LineMesh.cpp">
      <Filter>Mesh</Filter>
    </ClCompile>
    <ClCompile Include="StaticMesh.cpp">
      <Filter>Mesh</Filter>
    </ClCompile>
    <ClCompile Include="FSQMesh.cpp">
      <Filter>Mesh</Filter>
    </ClCompile>
    <ClCompile Include="Material.cpp">
      <Filter>Material</Filter>
    </ClCompile>
    <ClCompile Include="Texture.cpp">
      <Filter>Material</Filter>
    </ClCompile>
    <ClCompile Include="TextureLoader.cpp">
      <Filter>Material</Filter>
    </ClCompile>
    <ClCompile Include="..\libs\imgui\imgui.cpp">
      <Filter>GUI</Filter>
    </ClCompile>
    <ClCompile Include="..\libs\imgui\imgui_demo.cpp">
      <Filter>GUI</Filter>
    </ClCompile>
    <ClCompile Include="..\libs\imgui\imgui_draw.cpp">
      <Filter>GUI</Filter>
    </ClCompile>
    <ClCompile Include="..\libs\imgui\imgui_impl_glfw.cpp">
      <Filter>GUI</Filter>
    </ClCompile>
    <ClCompile Include="..\libs\imgui\imgui_impl_opengl3.cpp">
      <Filter>GUI</Filter>
    </ClCompile>
    <ClCompile Include="..\libs\imgui\imgui_tables.cpp">
      <Filter>GUI</Filter>
    </ClCompile>
    <ClCompile Include="..\libs\imgui\imgui_widgets.cpp">
      <Filter>GUI</Filter>
    </ClCompile>
    <ClCompile Include="AABB_BV.cpp">
      <Filter>BoundingVolume</Filter>
    </ClCompile>
    <ClCompile Include="BoundingVolume.cpp">
      <Filter>BoundingVolume</Filter>
    </ClCompile>
    <ClCompile Include="RitterSphere_BV.cpp">
      <Filter>BoundingVolume</Filter>
    </ClCompile>
    <ClCompile Include="LarssonSphere_BV.cpp">
      <Filter>BoundingVolume</Filter>
    </ClCompile>
    <ClCompile Include="PCASphere_BV.cpp">
      <Filter>BoundingVolume</Filter>
    </ClCompile>
    <ClCompile Include="BoundingVolumeHierarchy.cpp">
      <Filter>BoundingVolumeHierarchy</Filter>
    </ClCompile>
    <ClCompile Include="TopDown_BVH.cpp">
      <Filter>BoundingVolumeHierarchy</Filter>
    </ClCompile>
  </ItemGroup>
  <ItemGroup>
    <ClInclude Include="ModelLoader.h">
      <Filter>ModelLoader</Filter>
    </ClInclude>
    <ClInclude Include="ShaderManager.h">
      <Filter>Shader</Filter>
    </ClInclude>
    <ClInclude Include="Shader.h">
      <Filter>Shader</Filter>
    </ClInclude>
    <ClInclude Include="Application.h">
      <Filter>Application</Filter>
    </ClInclude>
    <ClInclude Include="Input.h">
      <Filter>Input</Filter>
    </ClInclude>
    <ClInclude Include="ModelMesh.h">
      <Filter>Mesh</Filter>
    </ClInclude>
    <ClInclude Include="IComponent.h">
      <Filter>Object</Filter>
    </ClInclude>
    <ClInclude Include="Object.h">
      <Filter>Object</Filter>
    </ClInclude>
    <ClInclude Include="ObjectManager.h">
      <Filter>Object</Filter>
    </ClInclude>
    <ClInclude Include="Transform.h">
      <Filter>Object\Transform</Filter>
    </ClInclude>
    <ClInclude Include="Camera.h">
      <Filter>Graphic\Camera</Filter>
    </ClInclude>
    <ClInclude Include="Graphic.h">
      <Filter>Graphic</Filter>
    </ClInclude>
    <ClInclude Include="ModelTransformFixer.h">
      <Filter>ModelLoader</Filter>
    </ClInclude>
    <ClInclude Include="Light.h">
      <Filter>Light</Filter>
    </ClInclude>
    <ClInclude Include="Mesh.h">
      <Filter>Mesh</Filter>
    </ClInclude>
    <ClInclude Include="LineMesh.h">
      <Filter>Mesh</Filter>
    </ClInclude>
    <ClInclude Include="StaticMesh.h">
      <Filter>Mesh</Filter>
    </ClInclude>
    <ClInclude Include="FSQMesh.h">
      <Filter>Mesh</Filter>
    </ClInclude>
    <ClInclude Include="Material.h">
      <Filter>Material</Filter>
    </ClInclude>
    <ClInclude Include="Texture.h">
      <Filter>Material</Filter>
    </ClInclude>
    <ClInclude Include="TextureLoader.h">
      <Filter>Material</Filter>
    </ClInclude>
    <ClInclude Include="..\libs\imgui\imconfig.h">
      <Filter>GUI</Filter>
    </ClInclude>
    <ClInclude Include="..\libs\imgui\imgui.h">
      <Filter>GUI</Filter>
    </ClInclude>
    <ClInclude Include="..\libs\imgui\imgui_impl_glfw.h">
      <Filter>GUI</Filter>
    </ClInclude>
    <ClInclude Include="..\libs\imgui\imgui_impl_opengl3.h">
      <Filter>GUI</Filter>
    </ClInclude>
    <ClInclude Include="..\libs\imgui\imgui_impl_opengl3_loader.h">
      <Filter>GUI</Filter>
    </ClInclude>
    <ClInclude Include="..\libs\imgui\imgui_internal.h">
      <Filter>GUI</Filter>
    </ClInclude>
    <ClInclude Include="..\libs\imgui\imstb_rectpack.h">
      <Filter>GUI</Filter>
    </ClInclude>
    <ClInclude Include="..\libs\imgui\imstb_textedit.h">
      <Filter>GUI</Filter>
    </ClInclude>
    <ClInclude Include="..\libs\imgui\imstb_truetype.h">
      <Filter>GUI</Filter>
    </ClInclude>
    <ClInclude Include="AABB_BV.h">
      <Filter>BoundingVolume</Filter>
    </ClInclude>
    <ClInclude Include="BoundingVolume.h">
      <Filter>BoundingVolume</Filter>
    </ClInclude>
    <ClInclude Include="RitterSphere_BV.h">
      <Filter>BoundingVolume</Filter>
    </ClInclude>
    <ClInclude Include="LarssonSphere_BV.h">
      <Filter>BoundingVolume</Filter>
    </ClInclude>
    <ClInclude Include="BoundingVolumeHelper.h">
      <Filter>BoundingVolume</Filter>
    </ClInclude>
    <ClInclude Include="PCASphere_BV.h">
      <Filter>BoundingVolume</Filter>
    </ClInclude>
    <ClInclude Include="BoundingVolumeHierarchy.h">
      <Filter>BoundingVolumeHierarchy</Filter>
    </ClInclude>
    <ClInclude Include="TopDown_BVH.h">
      <Filter>BoundingVolumeHierarchy</Filter>
    </ClInclude>
    <ClInclude Include="BottomUp_BVH.h">
      <Filter>BoundingVolumeHierarchy</Filter>
    </ClInclude>
    <ClInclude Include="IBoundingVolume.h">
      <Filter>BoundingVolume</Filter>
    </ClInclude>
    <ClInclude Include="BoundingVolumeHierarchyHelper.h">
      <Filter>BoundingVolumeHierarchy</Filter>
    </ClInclude>
  </ItemGroup>
</Project>