
Microsoft Visual Studio Solution File, Format Version 12.00
# Visual Studio Version 17
VisualStudioVersion = 17.3.32901.215
MinimumVisualStudioVersion = 10.0.40219.1
Project("{8BC9CEB8-8B4A-11D0-8D11-00A0C91BC942}") = "GrahpicEngine", "GrahpicEngine\GrahpicEngine.vcxproj", "{FCC0F4D6-3809-4329-9EAA-42C3C04A2982}"
EndProject
Project("{8BC9CEB8-8B4A-11D0-8D11-00A0C91BC942}") = "DemoProject", "DemoProject\DemoProject.vcxproj", "{41F4D920-0465-4206-BDCE-3DCACC4F1138}"
EndProject
Global
	GlobalSection(SolutionConfigurationPlatforms) = preSolution
		Debug|x64 = Debug|x64
		Debug|x86 = Debug|x86
		Release|x64 = Release|x64
		Release|x86 = Release|x86
	EndGlobalSection
	GlobalSection(ProjectConfigurationPlatforms) = postSolution
		{FCC0F4D6-3809-4329-9EAA-42C3C04A2982}.Debug|x64.ActiveCfg = Debug|x64
		{FCC0F4D6-3809-4329-9EAA-42C3C04A2982}.Debug|x64.Build.0 = Debug|x64
		{FCC0F4D6-3809-4329-9EAA-42C3C04A2982}.Debug|x86.ActiveCfg = Debug|Win32
		{FCC0F4D6-3809-4329-9EAA-42C3C04A2982}.Debug|x86.Build.0 = Debug|Win32
		{FCC0F4D6-3809-4329-9EAA-42C3C04A2982}.Release|x64.ActiveCfg = Release|x64
		{FCC0F4D6-3809-4329-9EAA-42C3C04A2982}.Release|x64.Build.0 = Release|x64
		{FCC0F4D6-3809-4329-9EAA-42C3C04A2982}.Release|x86.ActiveCfg = Release|Win32
		{FCC0F4D6-3809-4329-9EAA-42C3C04A2982}.Release|x86.Build.0 = Release|Win32
		{41F4D920-0465-4206-BDCE-3DCACC4F1138}.Debug|x64.ActiveCfg = Debug|x64
		{41F4D920-0465-4206-BDCE-3DCACC4F1138}.Debug|x64.Build.0 = Debug|x64
		{41F4D920-0465-4206-BDCE-3DCACC4F1138}.Debug|x86.ActiveCfg = Debug|Win32
		{41F4D920-0465-4206-BDCE-3DCACC4F1138}.Debug|x86.Build.0 = Debug|Win32
		{41F4D920-0465-4206-BDCE-3DCACC4F1138}.Release|x64.ActiveCfg = Release|x64
		{41F4D920-0465-4206-BDCE-3DCACC4F1138}.Release|x64.Build.0 = Release|x64
		{41F4D920-0465-4206-BDCE-3DCACC4F1138}.Release|x86.ActiveCfg = Release|Win32
		{41F4D920-0465-4206-BDCE-3DCACC4F1138}.Release|x86.Build.0 = Release|Win32
	EndGlobalSection
	GlobalSection(SolutionProperties) = preSolution
		HideSolutionNode = FALSE
	EndGlobalSection
	GlobalSection(ExtensibilityGlobals) = postSolution
		SolutionGuid = {489A4831-B4F7-4E5B-B239-DC75B182FC40}
	EndGlobalSection
EndGlobal
